
Microsoft Visual Studio Solution File, Format Version 12.00
# Visual Studio Version 17
VisualStudioVersion = 17.13.35931.197 d17.13
MinimumVisualStudioVersion = 10.0.40219.1
Project("{FAE04EC0-301F-11D3-BF4B-00C04F79EFBC}") = "WPFPasswordManager", "WPFPasswordManager.csproj", "{9DE0E8F0-9713-4196-B0FF-5871936DD2EB}"
EndProject
Global
	GlobalSection(SolutionConfigurationPlatforms) = preSolution
		Debug|Any CPU = Debug|Any CPU
		Release|Any CPU = Release|Any CPU
	EndGlobalSection
	GlobalSection(ProjectConfigurationPlatforms) = postSolution
		{9DE0E8F0-9713-4196-B0FF-5871936DD2EB}.Debug|Any CPU.ActiveCfg = Debug|Any CPU
		{9DE0E8F0-9713-4196-B0FF-5871936DD2EB}.Debug|Any CPU.Build.0 = Debug|Any CPU
		{9DE0E8F0-9713-4196-B0FF-5871936DD2EB}.Release|Any CPU.ActiveCfg = Release|Any CPU
		{9DE0E8F0-9713-4196-B0FF-5871936DD2EB}.Release|Any CPU.Build.0 = Release|Any CPU
	EndGlobalSection
	GlobalSection(SolutionProperties) = preSolution
		HideSolutionNode = FALSE
	EndGlobalSection
	GlobalSection(ExtensibilityGlobals) = postSolution
		SolutionGuid = {E510359B-192A-472A-9FF5-756BBE714626}
	EndGlobalSection
EndGlobal
